
Microsoft Visual Studio Solution File, Format Version 12.00
# Visual Studio 15
VisualStudioVersion = 15.0.27130.2024
MinimumVisualStudioVersion = 10.0.40219.1
Project("{9A19103F-16F7-4668-BE54-9A1E7A4F7556}") = "Training", "Training\Training.csproj", "{B0D02487-840B-41F7-861D-EE413331AC2C}"
EndProject
Project("{9A19103F-16F7-4668-BE54-9A1E7A4F7556}") = "Training.Tests", "Training.Tests\Training.Tests.csproj", "{20AC886C-9055-4A27-A22D-A2F2DAA9FA3A}"
EndProject
Project("{FAE04EC0-301F-11D3-BF4B-00C04F79EFBC}") = "ACMstyle", "ACMstyle\ACMstyle.csproj", "{F3C2328F-5856-4BEA-8270-B41AC858C06B}"
EndProject
Project("{FAE04EC0-301F-11D3-BF4B-00C04F79EFBC}") = "Codility", "Codility\Codility.csproj", "{20E28689-14CE-48CB-8A43-EAB8A3AE31D6}"
EndProject
Project("{FAE04EC0-301F-11D3-BF4B-00C04F79EFBC}") = "Codility2", "Codility2\Codility2.csproj", "{55161A55-C2BA-47B8-BDDD-D44F524450C3}"
EndProject
Project("{8BC9CEB8-8B4A-11D0-8D11-00A0C91BC942}") = "TestC", "TestC\TestC.vcxproj", "{30A83865-34EC-4178-A891-3FBEDE6983AC}"
EndProject
Project("{FAE04EC0-301F-11D3-BF4B-00C04F79EFBC}") = "Dijkstra", "Dijkstra\Dijkstra.csproj", "{04EAE29F-F5A4-459F-B9D5-7F6C7406BB10}"
EndProject
Project("{FAE04EC0-301F-11D3-BF4B-00C04F79EFBC}") = "Dijkstra2", "Dijkstra2\Dijkstra2.csproj", "{C142048A-D1EF-4D99-A2BD-CE20556EEE7C}"
EndProject
Project("{FAE04EC0-301F-11D3-BF4B-00C04F79EFBC}") = "Knapsack", "Knapsack\Knapsack.csproj", "{957ED3E8-DD19-44A8-9CDE-E6689A957EE9}"
EndProject
Project("{FAE04EC0-301F-11D3-BF4B-00C04F79EFBC}") = "Sort", "Sort\Sort.csproj", "{BBE3C937-BAFD-45D5-BE53-1A1C8CF9102B}"
EndProject
Project("{FAE04EC0-301F-11D3-BF4B-00C04F79EFBC}") = "GraphAlgorithms", "GraphAlgorithms\GraphAlgorithms.csproj", "{B6994C42-69BF-488E-BFE0-65C4276039FF}"
EndProject
Project("{FAE04EC0-301F-11D3-BF4B-00C04F79EFBC}") = "CommonString", "CommonString\CommonString.csproj", "{41C66C4C-FA5C-4DB3-8CDF-A33840289B2C}"
EndProject
Project("{FAE04EC0-301F-11D3-BF4B-00C04F79EFBC}") = "Trie", "Trie\Trie.csproj", "{E5B00ACC-0882-44AF-83D4-8329F75D8D63}"
EndProject
Project("{FAE04EC0-301F-11D3-BF4B-00C04F79EFBC}") = "Brackets", "Brackets\Brackets.csproj", "{8040DC33-A359-4710-BB16-66367C41CA30}"
EndProject
Project("{FAE04EC0-301F-11D3-BF4B-00C04F79EFBC}") = "Trie2", "Trie2\Trie2.csproj", "{7E470C78-CCA2-46B1-8ABF-ACAA9744708E}"
EndProject
Project("{FAE04EC0-301F-11D3-BF4B-00C04F79EFBC}") = "BinarySearchExample", "BinarySearchExample\BinarySearchExample.csproj", "{021178BA-D478-4963-BB9A-1087300DD9AD}"
EndProject
Project("{FAE04EC0-301F-11D3-BF4B-00C04F79EFBC}") = "StockTrading", "StockTrading\StockTrading.csproj", "{3E40DA80-7123-4F3C-9801-9B5A9C861EBB}"
EndProject
Project("{FAE04EC0-301F-11D3-BF4B-00C04F79EFBC}") = "Product", "Product\Product.csproj", "{EFCB3F88-2589-4232-8ACF-0CC9632162A6}"
EndProject
Project("{FAE04EC0-301F-11D3-BF4B-00C04F79EFBC}") = "SlidingWindow", "SlidingWindow\SlidingWindow.csproj", "{1C211192-38EC-417D-A4BA-7C9F3D78C9C3}"
EndProject
Project("{FAE04EC0-301F-11D3-BF4B-00C04F79EFBC}") = "SlidingWindowWorking", "SlidingWindowWorking\SlidingWindowWorking.csproj", "{B1ADDD25-1002-4EAA-AACC-7003F7DDB91C}"
EndProject
Project("{FAE04EC0-301F-11D3-BF4B-00C04F79EFBC}") = "Fibonacci", "Fibonacci\Fibonacci.csproj", "{9454A0DE-EAAB-4F7C-8F15-5A5E0353978E}"
EndProject
Project("{FAE04EC0-301F-11D3-BF4B-00C04F79EFBC}") = "UglyNumbers", "UglyNumbers\UglyNumbers.csproj", "{B6B4D5A1-6C21-4F58-A1F1-0C3E2ADD3D27}"
EndProject
Project("{FAE04EC0-301F-11D3-BF4B-00C04F79EFBC}") = "JsonTest", "JsonTest\JsonTest.csproj", "{06774B79-A05D-45E8-BC0D-7333A812E117}"
EndProject
Project("{FAE04EC0-301F-11D3-BF4B-00C04F79EFBC}") = "FibonacciDynamic", "FibonacciDynamic\FibonacciDynamic.csproj", "{43456265-ECFA-49B2-91DD-E5002679BB5D}"
EndProject
Project("{FAE04EC0-301F-11D3-BF4B-00C04F79EFBC}") = "Grasshoper", "Grasshoper\Grasshoper.csproj", "{7E758F67-3EDC-472B-A14B-4205AE524486}"
EndProject
Project("{FAE04EC0-301F-11D3-BF4B-00C04F79EFBC}") = "GrassHoper2", "GrassHoper2\GrassHoper2.csproj", "{3013BBDF-D8CA-44F3-938C-4F2EBA3474F6}"
EndProject
Project("{FAE04EC0-301F-11D3-BF4B-00C04F79EFBC}") = "CoinChange", "CoinChange\CoinChange.csproj", "{A4A9248A-38C3-4694-BDCC-B7A130272EFA}"
EndProject
Project("{FAE04EC0-301F-11D3-BF4B-00C04F79EFBC}") = "DinnerBill", "DinnerBill\DinnerBill.csproj", "{D1DF1FFF-B4BC-48CA-8EA7-F94E8EAD201B}"
EndProject
Project("{FAE04EC0-301F-11D3-BF4B-00C04F79EFBC}") = "CoinChange2", "CoinChange2\CoinChange2.csproj", "{39589AFB-F3D3-4A2B-8B28-635122BACAD3}"
EndProject
Project("{FAE04EC0-301F-11D3-BF4B-00C04F79EFBC}") = "Oc", "Oc\Oc.csproj", "{09F6A5C3-D442-4190-AE05-F4CDF1FA3097}"
EndProject
Global
	GlobalSection(SolutionConfigurationPlatforms) = preSolution
		Debug|Any CPU = Debug|Any CPU
		Debug|x64 = Debug|x64
		Debug|x86 = Debug|x86
		Release|Any CPU = Release|Any CPU
		Release|x64 = Release|x64
		Release|x86 = Release|x86
	EndGlobalSection
	GlobalSection(ProjectConfigurationPlatforms) = postSolution
		{B0D02487-840B-41F7-861D-EE413331AC2C}.Debug|Any CPU.ActiveCfg = Debug|Any CPU
		{B0D02487-840B-41F7-861D-EE413331AC2C}.Debug|Any CPU.Build.0 = Debug|Any CPU
		{B0D02487-840B-41F7-861D-EE413331AC2C}.Debug|x64.ActiveCfg = Debug|Any CPU
		{B0D02487-840B-41F7-861D-EE413331AC2C}.Debug|x64.Build.0 = Debug|Any CPU
		{B0D02487-840B-41F7-861D-EE413331AC2C}.Debug|x86.ActiveCfg = Debug|Any CPU
		{B0D02487-840B-41F7-861D-EE413331AC2C}.Debug|x86.Build.0 = Debug|Any CPU
		{B0D02487-840B-41F7-861D-EE413331AC2C}.Release|Any CPU.ActiveCfg = Release|Any CPU
		{B0D02487-840B-41F7-861D-EE413331AC2C}.Release|Any CPU.Build.0 = Release|Any CPU
		{B0D02487-840B-41F7-861D-EE413331AC2C}.Release|x64.ActiveCfg = Release|Any CPU
		{B0D02487-840B-41F7-861D-EE413331AC2C}.Release|x64.Build.0 = Release|Any CPU
		{B0D02487-840B-41F7-861D-EE413331AC2C}.Release|x86.ActiveCfg = Release|Any CPU
		{B0D02487-840B-41F7-861D-EE413331AC2C}.Release|x86.Build.0 = Release|Any CPU
		{20AC886C-9055-4A27-A22D-A2F2DAA9FA3A}.Debug|Any CPU.ActiveCfg = Debug|Any CPU
		{20AC886C-9055-4A27-A22D-A2F2DAA9FA3A}.Debug|Any CPU.Build.0 = Debug|Any CPU
		{20AC886C-9055-4A27-A22D-A2F2DAA9FA3A}.Debug|x64.ActiveCfg = Debug|Any CPU
		{20AC886C-9055-4A27-A22D-A2F2DAA9FA3A}.Debug|x64.Build.0 = Debug|Any CPU
		{20AC886C-9055-4A27-A22D-A2F2DAA9FA3A}.Debug|x86.ActiveCfg = Debug|Any CPU
		{20AC886C-9055-4A27-A22D-A2F2DAA9FA3A}.Debug|x86.Build.0 = Debug|Any CPU
		{20AC886C-9055-4A27-A22D-A2F2DAA9FA3A}.Release|Any CPU.ActiveCfg = Release|Any CPU
		{20AC886C-9055-4A27-A22D-A2F2DAA9FA3A}.Release|Any CPU.Build.0 = Release|Any CPU
		{20AC886C-9055-4A27-A22D-A2F2DAA9FA3A}.Release|x64.ActiveCfg = Release|Any CPU
		{20AC886C-9055-4A27-A22D-A2F2DAA9FA3A}.Release|x64.Build.0 = Release|Any CPU
		{20AC886C-9055-4A27-A22D-A2F2DAA9FA3A}.Release|x86.ActiveCfg = Release|Any CPU
		{20AC886C-9055-4A27-A22D-A2F2DAA9FA3A}.Release|x86.Build.0 = Release|Any CPU
		{F3C2328F-5856-4BEA-8270-B41AC858C06B}.Debug|Any CPU.ActiveCfg = Debug|Any CPU
		{F3C2328F-5856-4BEA-8270-B41AC858C06B}.Debug|Any CPU.Build.0 = Debug|Any CPU
		{F3C2328F-5856-4BEA-8270-B41AC858C06B}.Debug|x64.ActiveCfg = Debug|Any CPU
		{F3C2328F-5856-4BEA-8270-B41AC858C06B}.Debug|x64.Build.0 = Debug|Any CPU
		{F3C2328F-5856-4BEA-8270-B41AC858C06B}.Debug|x86.ActiveCfg = Debug|Any CPU
		{F3C2328F-5856-4BEA-8270-B41AC858C06B}.Debug|x86.Build.0 = Debug|Any CPU
		{F3C2328F-5856-4BEA-8270-B41AC858C06B}.Release|Any CPU.ActiveCfg = Release|Any CPU
		{F3C2328F-5856-4BEA-8270-B41AC858C06B}.Release|Any CPU.Build.0 = Release|Any CPU
		{F3C2328F-5856-4BEA-8270-B41AC858C06B}.Release|x64.ActiveCfg = Release|Any CPU
		{F3C2328F-5856-4BEA-8270-B41AC858C06B}.Release|x64.Build.0 = Release|Any CPU
		{F3C2328F-5856-4BEA-8270-B41AC858C06B}.Release|x86.ActiveCfg = Release|Any CPU
		{F3C2328F-5856-4BEA-8270-B41AC858C06B}.Release|x86.Build.0 = Release|Any CPU
		{20E28689-14CE-48CB-8A43-EAB8A3AE31D6}.Debug|Any CPU.ActiveCfg = Debug|Any CPU
		{20E28689-14CE-48CB-8A43-EAB8A3AE31D6}.Debug|Any CPU.Build.0 = Debug|Any CPU
		{20E28689-14CE-48CB-8A43-EAB8A3AE31D6}.Debug|x64.ActiveCfg = Debug|Any CPU
		{20E28689-14CE-48CB-8A43-EAB8A3AE31D6}.Debug|x64.Build.0 = Debug|Any CPU
		{20E28689-14CE-48CB-8A43-EAB8A3AE31D6}.Debug|x86.ActiveCfg = Debug|Any CPU
		{20E28689-14CE-48CB-8A43-EAB8A3AE31D6}.Debug|x86.Build.0 = Debug|Any CPU
		{20E28689-14CE-48CB-8A43-EAB8A3AE31D6}.Release|Any CPU.ActiveCfg = Release|Any CPU
		{20E28689-14CE-48CB-8A43-EAB8A3AE31D6}.Release|Any CPU.Build.0 = Release|Any CPU
		{20E28689-14CE-48CB-8A43-EAB8A3AE31D6}.Release|x64.ActiveCfg = Release|Any CPU
		{20E28689-14CE-48CB-8A43-EAB8A3AE31D6}.Release|x64.Build.0 = Release|Any CPU
		{20E28689-14CE-48CB-8A43-EAB8A3AE31D6}.Release|x86.ActiveCfg = Release|Any CPU
		{20E28689-14CE-48CB-8A43-EAB8A3AE31D6}.Release|x86.Build.0 = Release|Any CPU
		{55161A55-C2BA-47B8-BDDD-D44F524450C3}.Debug|Any CPU.ActiveCfg = Debug|Any CPU
		{55161A55-C2BA-47B8-BDDD-D44F524450C3}.Debug|Any CPU.Build.0 = Debug|Any CPU
		{55161A55-C2BA-47B8-BDDD-D44F524450C3}.Debug|x64.ActiveCfg = Debug|Any CPU
		{55161A55-C2BA-47B8-BDDD-D44F524450C3}.Debug|x64.Build.0 = Debug|Any CPU
		{55161A55-C2BA-47B8-BDDD-D44F524450C3}.Debug|x86.ActiveCfg = Debug|Any CPU
		{55161A55-C2BA-47B8-BDDD-D44F524450C3}.Debug|x86.Build.0 = Debug|Any CPU
		{55161A55-C2BA-47B8-BDDD-D44F524450C3}.Release|Any CPU.ActiveCfg = Release|Any CPU
		{55161A55-C2BA-47B8-BDDD-D44F524450C3}.Release|Any CPU.Build.0 = Release|Any CPU
		{55161A55-C2BA-47B8-BDDD-D44F524450C3}.Release|x64.ActiveCfg = Release|Any CPU
		{55161A55-C2BA-47B8-BDDD-D44F524450C3}.Release|x64.Build.0 = Release|Any CPU
		{55161A55-C2BA-47B8-BDDD-D44F524450C3}.Release|x86.ActiveCfg = Release|Any CPU
		{55161A55-C2BA-47B8-BDDD-D44F524450C3}.Release|x86.Build.0 = Release|Any CPU
		{30A83865-34EC-4178-A891-3FBEDE6983AC}.Debug|Any CPU.ActiveCfg = Debug|Win32
		{30A83865-34EC-4178-A891-3FBEDE6983AC}.Debug|x64.ActiveCfg = Debug|x64
		{30A83865-34EC-4178-A891-3FBEDE6983AC}.Debug|x64.Build.0 = Debug|x64
		{30A83865-34EC-4178-A891-3FBEDE6983AC}.Debug|x86.ActiveCfg = Debug|Win32
		{30A83865-34EC-4178-A891-3FBEDE6983AC}.Debug|x86.Build.0 = Debug|Win32
		{30A83865-34EC-4178-A891-3FBEDE6983AC}.Release|Any CPU.ActiveCfg = Release|Win32
		{30A83865-34EC-4178-A891-3FBEDE6983AC}.Release|x64.ActiveCfg = Release|x64
		{30A83865-34EC-4178-A891-3FBEDE6983AC}.Release|x64.Build.0 = Release|x64
		{30A83865-34EC-4178-A891-3FBEDE6983AC}.Release|x86.ActiveCfg = Release|Win32
		{30A83865-34EC-4178-A891-3FBEDE6983AC}.Release|x86.Build.0 = Release|Win32
		{04EAE29F-F5A4-459F-B9D5-7F6C7406BB10}.Debug|Any CPU.ActiveCfg = Debug|Any CPU
		{04EAE29F-F5A4-459F-B9D5-7F6C7406BB10}.Debug|Any CPU.Build.0 = Debug|Any CPU
		{04EAE29F-F5A4-459F-B9D5-7F6C7406BB10}.Debug|x64.ActiveCfg = Debug|Any CPU
		{04EAE29F-F5A4-459F-B9D5-7F6C7406BB10}.Debug|x64.Build.0 = Debug|Any CPU
		{04EAE29F-F5A4-459F-B9D5-7F6C7406BB10}.Debug|x86.ActiveCfg = Debug|Any CPU
		{04EAE29F-F5A4-459F-B9D5-7F6C7406BB10}.Debug|x86.Build.0 = Debug|Any CPU
		{04EAE29F-F5A4-459F-B9D5-7F6C7406BB10}.Release|Any CPU.ActiveCfg = Release|Any CPU
		{04EAE29F-F5A4-459F-B9D5-7F6C7406BB10}.Release|Any CPU.Build.0 = Release|Any CPU
		{04EAE29F-F5A4-459F-B9D5-7F6C7406BB10}.Release|x64.ActiveCfg = Release|Any CPU
		{04EAE29F-F5A4-459F-B9D5-7F6C7406BB10}.Release|x64.Build.0 = Release|Any CPU
		{04EAE29F-F5A4-459F-B9D5-7F6C7406BB10}.Release|x86.ActiveCfg = Release|Any CPU
		{04EAE29F-F5A4-459F-B9D5-7F6C7406BB10}.Release|x86.Build.0 = Release|Any CPU
		{C142048A-D1EF-4D99-A2BD-CE20556EEE7C}.Debug|Any CPU.ActiveCfg = Debug|Any CPU
		{C142048A-D1EF-4D99-A2BD-CE20556EEE7C}.Debug|Any CPU.Build.0 = Debug|Any CPU
		{C142048A-D1EF-4D99-A2BD-CE20556EEE7C}.Debug|x64.ActiveCfg = Debug|Any CPU
		{C142048A-D1EF-4D99-A2BD-CE20556EEE7C}.Debug|x64.Build.0 = Debug|Any CPU
		{C142048A-D1EF-4D99-A2BD-CE20556EEE7C}.Debug|x86.ActiveCfg = Debug|Any CPU
		{C142048A-D1EF-4D99-A2BD-CE20556EEE7C}.Debug|x86.Build.0 = Debug|Any CPU
		{C142048A-D1EF-4D99-A2BD-CE20556EEE7C}.Release|Any CPU.ActiveCfg = Release|Any CPU
		{C142048A-D1EF-4D99-A2BD-CE20556EEE7C}.Release|Any CPU.Build.0 = Release|Any CPU
		{C142048A-D1EF-4D99-A2BD-CE20556EEE7C}.Release|x64.ActiveCfg = Release|Any CPU
		{C142048A-D1EF-4D99-A2BD-CE20556EEE7C}.Release|x64.Build.0 = Release|Any CPU
		{C142048A-D1EF-4D99-A2BD-CE20556EEE7C}.Release|x86.ActiveCfg = Release|Any CPU
		{C142048A-D1EF-4D99-A2BD-CE20556EEE7C}.Release|x86.Build.0 = Release|Any CPU
		{957ED3E8-DD19-44A8-9CDE-E6689A957EE9}.Debug|Any CPU.ActiveCfg = Debug|Any CPU
		{957ED3E8-DD19-44A8-9CDE-E6689A957EE9}.Debug|Any CPU.Build.0 = Debug|Any CPU
		{957ED3E8-DD19-44A8-9CDE-E6689A957EE9}.Debug|x64.ActiveCfg = Debug|Any CPU
		{957ED3E8-DD19-44A8-9CDE-E6689A957EE9}.Debug|x64.Build.0 = Debug|Any CPU
		{957ED3E8-DD19-44A8-9CDE-E6689A957EE9}.Debug|x86.ActiveCfg = Debug|Any CPU
		{957ED3E8-DD19-44A8-9CDE-E6689A957EE9}.Debug|x86.Build.0 = Debug|Any CPU
		{957ED3E8-DD19-44A8-9CDE-E6689A957EE9}.Release|Any CPU.ActiveCfg = Release|Any CPU
		{957ED3E8-DD19-44A8-9CDE-E6689A957EE9}.Release|Any CPU.Build.0 = Release|Any CPU
		{957ED3E8-DD19-44A8-9CDE-E6689A957EE9}.Release|x64.ActiveCfg = Release|Any CPU
		{957ED3E8-DD19-44A8-9CDE-E6689A957EE9}.Release|x64.Build.0 = Release|Any CPU
		{957ED3E8-DD19-44A8-9CDE-E6689A957EE9}.Release|x86.ActiveCfg = Release|Any CPU
		{957ED3E8-DD19-44A8-9CDE-E6689A957EE9}.Release|x86.Build.0 = Release|Any CPU
		{BBE3C937-BAFD-45D5-BE53-1A1C8CF9102B}.Debug|Any CPU.ActiveCfg = Debug|Any CPU
		{BBE3C937-BAFD-45D5-BE53-1A1C8CF9102B}.Debug|Any CPU.Build.0 = Debug|Any CPU
		{BBE3C937-BAFD-45D5-BE53-1A1C8CF9102B}.Debug|x64.ActiveCfg = Debug|Any CPU
		{BBE3C937-BAFD-45D5-BE53-1A1C8CF9102B}.Debug|x64.Build.0 = Debug|Any CPU
		{BBE3C937-BAFD-45D5-BE53-1A1C8CF9102B}.Debug|x86.ActiveCfg = Debug|Any CPU
		{BBE3C937-BAFD-45D5-BE53-1A1C8CF9102B}.Debug|x86.Build.0 = Debug|Any CPU
		{BBE3C937-BAFD-45D5-BE53-1A1C8CF9102B}.Release|Any CPU.ActiveCfg = Release|Any CPU
		{BBE3C937-BAFD-45D5-BE53-1A1C8CF9102B}.Release|Any CPU.Build.0 = Release|Any CPU
		{BBE3C937-BAFD-45D5-BE53-1A1C8CF9102B}.Release|x64.ActiveCfg = Release|Any CPU
		{BBE3C937-BAFD-45D5-BE53-1A1C8CF9102B}.Release|x64.Build.0 = Release|Any CPU
		{BBE3C937-BAFD-45D5-BE53-1A1C8CF9102B}.Release|x86.ActiveCfg = Release|Any CPU
		{BBE3C937-BAFD-45D5-BE53-1A1C8CF9102B}.Release|x86.Build.0 = Release|Any CPU
		{B6994C42-69BF-488E-BFE0-65C4276039FF}.Debug|Any CPU.ActiveCfg = Debug|Any CPU
		{B6994C42-69BF-488E-BFE0-65C4276039FF}.Debug|Any CPU.Build.0 = Debug|Any CPU
		{B6994C42-69BF-488E-BFE0-65C4276039FF}.Debug|x64.ActiveCfg = Debug|Any CPU
		{B6994C42-69BF-488E-BFE0-65C4276039FF}.Debug|x64.Build.0 = Debug|Any CPU
		{B6994C42-69BF-488E-BFE0-65C4276039FF}.Debug|x86.ActiveCfg = Debug|Any CPU
		{B6994C42-69BF-488E-BFE0-65C4276039FF}.Debug|x86.Build.0 = Debug|Any CPU
		{B6994C42-69BF-488E-BFE0-65C4276039FF}.Release|Any CPU.ActiveCfg = Release|Any CPU
		{B6994C42-69BF-488E-BFE0-65C4276039FF}.Release|Any CPU.Build.0 = Release|Any CPU
		{B6994C42-69BF-488E-BFE0-65C4276039FF}.Release|x64.ActiveCfg = Release|Any CPU
		{B6994C42-69BF-488E-BFE0-65C4276039FF}.Release|x64.Build.0 = Release|Any CPU
		{B6994C42-69BF-488E-BFE0-65C4276039FF}.Release|x86.ActiveCfg = Release|Any CPU
		{B6994C42-69BF-488E-BFE0-65C4276039FF}.Release|x86.Build.0 = Release|Any CPU
		{41C66C4C-FA5C-4DB3-8CDF-A33840289B2C}.Debug|Any CPU.ActiveCfg = Debug|Any CPU
		{41C66C4C-FA5C-4DB3-8CDF-A33840289B2C}.Debug|Any CPU.Build.0 = Debug|Any CPU
		{41C66C4C-FA5C-4DB3-8CDF-A33840289B2C}.Debug|x64.ActiveCfg = Debug|Any CPU
		{41C66C4C-FA5C-4DB3-8CDF-A33840289B2C}.Debug|x64.Build.0 = Debug|Any CPU
		{41C66C4C-FA5C-4DB3-8CDF-A33840289B2C}.Debug|x86.ActiveCfg = Debug|Any CPU
		{41C66C4C-FA5C-4DB3-8CDF-A33840289B2C}.Debug|x86.Build.0 = Debug|Any CPU
		{41C66C4C-FA5C-4DB3-8CDF-A33840289B2C}.Release|Any CPU.ActiveCfg = Release|Any CPU
		{41C66C4C-FA5C-4DB3-8CDF-A33840289B2C}.Release|Any CPU.Build.0 = Release|Any CPU
		{41C66C4C-FA5C-4DB3-8CDF-A33840289B2C}.Release|x64.ActiveCfg = Release|Any CPU
		{41C66C4C-FA5C-4DB3-8CDF-A33840289B2C}.Release|x64.Build.0 = Release|Any CPU
		{41C66C4C-FA5C-4DB3-8CDF-A33840289B2C}.Release|x86.ActiveCfg = Release|Any CPU
		{41C66C4C-FA5C-4DB3-8CDF-A33840289B2C}.Release|x86.Build.0 = Release|Any CPU
		{E5B00ACC-0882-44AF-83D4-8329F75D8D63}.Debug|Any CPU.ActiveCfg = Debug|Any CPU
		{E5B00ACC-0882-44AF-83D4-8329F75D8D63}.Debug|Any CPU.Build.0 = Debug|Any CPU
		{E5B00ACC-0882-44AF-83D4-8329F75D8D63}.Debug|x64.ActiveCfg = Debug|Any CPU
		{E5B00ACC-0882-44AF-83D4-8329F75D8D63}.Debug|x64.Build.0 = Debug|Any CPU
		{E5B00ACC-0882-44AF-83D4-8329F75D8D63}.Debug|x86.ActiveCfg = Debug|Any CPU
		{E5B00ACC-0882-44AF-83D4-8329F75D8D63}.Debug|x86.Build.0 = Debug|Any CPU
		{E5B00ACC-0882-44AF-83D4-8329F75D8D63}.Release|Any CPU.ActiveCfg = Release|Any CPU
		{E5B00ACC-0882-44AF-83D4-8329F75D8D63}.Release|Any CPU.Build.0 = Release|Any CPU
		{E5B00ACC-0882-44AF-83D4-8329F75D8D63}.Release|x64.ActiveCfg = Release|Any CPU
		{E5B00ACC-0882-44AF-83D4-8329F75D8D63}.Release|x64.Build.0 = Release|Any CPU
		{E5B00ACC-0882-44AF-83D4-8329F75D8D63}.Release|x86.ActiveCfg = Release|Any CPU
		{E5B00ACC-0882-44AF-83D4-8329F75D8D63}.Release|x86.Build.0 = Release|Any CPU
		{8040DC33-A359-4710-BB16-66367C41CA30}.Debug|Any CPU.ActiveCfg = Debug|Any CPU
		{8040DC33-A359-4710-BB16-66367C41CA30}.Debug|Any CPU.Build.0 = Debug|Any CPU
		{8040DC33-A359-4710-BB16-66367C41CA30}.Debug|x64.ActiveCfg = Debug|Any CPU
		{8040DC33-A359-4710-BB16-66367C41CA30}.Debug|x64.Build.0 = Debug|Any CPU
		{8040DC33-A359-4710-BB16-66367C41CA30}.Debug|x86.ActiveCfg = Debug|Any CPU
		{8040DC33-A359-4710-BB16-66367C41CA30}.Debug|x86.Build.0 = Debug|Any CPU
		{8040DC33-A359-4710-BB16-66367C41CA30}.Release|Any CPU.ActiveCfg = Release|Any CPU
		{8040DC33-A359-4710-BB16-66367C41CA30}.Release|Any CPU.Build.0 = Release|Any CPU
		{8040DC33-A359-4710-BB16-66367C41CA30}.Release|x64.ActiveCfg = Release|Any CPU
		{8040DC33-A359-4710-BB16-66367C41CA30}.Release|x64.Build.0 = Release|Any CPU
		{8040DC33-A359-4710-BB16-66367C41CA30}.Release|x86.ActiveCfg = Release|Any CPU
		{8040DC33-A359-4710-BB16-66367C41CA30}.Release|x86.Build.0 = Release|Any CPU
		{7E470C78-CCA2-46B1-8ABF-ACAA9744708E}.Debug|Any CPU.ActiveCfg = Debug|Any CPU
		{7E470C78-CCA2-46B1-8ABF-ACAA9744708E}.Debug|Any CPU.Build.0 = Debug|Any CPU
		{7E470C78-CCA2-46B1-8ABF-ACAA9744708E}.Debug|x64.ActiveCfg = Debug|Any CPU
		{7E470C78-CCA2-46B1-8ABF-ACAA9744708E}.Debug|x64.Build.0 = Debug|Any CPU
		{7E470C78-CCA2-46B1-8ABF-ACAA9744708E}.Debug|x86.ActiveCfg = Debug|Any CPU
		{7E470C78-CCA2-46B1-8ABF-ACAA9744708E}.Debug|x86.Build.0 = Debug|Any CPU
		{7E470C78-CCA2-46B1-8ABF-ACAA9744708E}.Release|Any CPU.ActiveCfg = Release|Any CPU
		{7E470C78-CCA2-46B1-8ABF-ACAA9744708E}.Release|Any CPU.Build.0 = Release|Any CPU
		{7E470C78-CCA2-46B1-8ABF-ACAA9744708E}.Release|x64.ActiveCfg = Release|Any CPU
		{7E470C78-CCA2-46B1-8ABF-ACAA9744708E}.Release|x64.Build.0 = Release|Any CPU
		{7E470C78-CCA2-46B1-8ABF-ACAA9744708E}.Release|x86.ActiveCfg = Release|Any CPU
		{7E470C78-CCA2-46B1-8ABF-ACAA9744708E}.Release|x86.Build.0 = Release|Any CPU
		{021178BA-D478-4963-BB9A-1087300DD9AD}.Debug|Any CPU.ActiveCfg = Debug|Any CPU
		{021178BA-D478-4963-BB9A-1087300DD9AD}.Debug|Any CPU.Build.0 = Debug|Any CPU
		{021178BA-D478-4963-BB9A-1087300DD9AD}.Debug|x64.ActiveCfg = Debug|Any CPU
		{021178BA-D478-4963-BB9A-1087300DD9AD}.Debug|x64.Build.0 = Debug|Any CPU
		{021178BA-D478-4963-BB9A-1087300DD9AD}.Debug|x86.ActiveCfg = Debug|Any CPU
		{021178BA-D478-4963-BB9A-1087300DD9AD}.Debug|x86.Build.0 = Debug|Any CPU
		{021178BA-D478-4963-BB9A-1087300DD9AD}.Release|Any CPU.ActiveCfg = Release|Any CPU
		{021178BA-D478-4963-BB9A-1087300DD9AD}.Release|Any CPU.Build.0 = Release|Any CPU
		{021178BA-D478-4963-BB9A-1087300DD9AD}.Release|x64.ActiveCfg = Release|Any CPU
		{021178BA-D478-4963-BB9A-1087300DD9AD}.Release|x64.Build.0 = Release|Any CPU
		{021178BA-D478-4963-BB9A-1087300DD9AD}.Release|x86.ActiveCfg = Release|Any CPU
		{021178BA-D478-4963-BB9A-1087300DD9AD}.Release|x86.Build.0 = Release|Any CPU
		{3E40DA80-7123-4F3C-9801-9B5A9C861EBB}.Debug|Any CPU.ActiveCfg = Debug|Any CPU
		{3E40DA80-7123-4F3C-9801-9B5A9C861EBB}.Debug|Any CPU.Build.0 = Debug|Any CPU
		{3E40DA80-7123-4F3C-9801-9B5A9C861EBB}.Debug|x64.ActiveCfg = Debug|Any CPU
		{3E40DA80-7123-4F3C-9801-9B5A9C861EBB}.Debug|x64.Build.0 = Debug|Any CPU
		{3E40DA80-7123-4F3C-9801-9B5A9C861EBB}.Debug|x86.ActiveCfg = Debug|Any CPU
		{3E40DA80-7123-4F3C-9801-9B5A9C861EBB}.Debug|x86.Build.0 = Debug|Any CPU
		{3E40DA80-7123-4F3C-9801-9B5A9C861EBB}.Release|Any CPU.ActiveCfg = Release|Any CPU
		{3E40DA80-7123-4F3C-9801-9B5A9C861EBB}.Release|Any CPU.Build.0 = Release|Any CPU
		{3E40DA80-7123-4F3C-9801-9B5A9C861EBB}.Release|x64.ActiveCfg = Release|Any CPU
		{3E40DA80-7123-4F3C-9801-9B5A9C861EBB}.Release|x64.Build.0 = Release|Any CPU
		{3E40DA80-7123-4F3C-9801-9B5A9C861EBB}.Release|x86.ActiveCfg = Release|Any CPU
		{3E40DA80-7123-4F3C-9801-9B5A9C861EBB}.Release|x86.Build.0 = Release|Any CPU
		{EFCB3F88-2589-4232-8ACF-0CC9632162A6}.Debug|Any CPU.ActiveCfg = Debug|Any CPU
		{EFCB3F88-2589-4232-8ACF-0CC9632162A6}.Debug|Any CPU.Build.0 = Debug|Any CPU
		{EFCB3F88-2589-4232-8ACF-0CC9632162A6}.Debug|x64.ActiveCfg = Debug|Any CPU
		{EFCB3F88-2589-4232-8ACF-0CC9632162A6}.Debug|x64.Build.0 = Debug|Any CPU
		{EFCB3F88-2589-4232-8ACF-0CC9632162A6}.Debug|x86.ActiveCfg = Debug|Any CPU
		{EFCB3F88-2589-4232-8ACF-0CC9632162A6}.Debug|x86.Build.0 = Debug|Any CPU
		{EFCB3F88-2589-4232-8ACF-0CC9632162A6}.Release|Any CPU.ActiveCfg = Release|Any CPU
		{EFCB3F88-2589-4232-8ACF-0CC9632162A6}.Release|Any CPU.Build.0 = Release|Any CPU
		{EFCB3F88-2589-4232-8ACF-0CC9632162A6}.Release|x64.ActiveCfg = Release|Any CPU
		{EFCB3F88-2589-4232-8ACF-0CC9632162A6}.Release|x64.Build.0 = Release|Any CPU
		{EFCB3F88-2589-4232-8ACF-0CC9632162A6}.Release|x86.ActiveCfg = Release|Any CPU
		{EFCB3F88-2589-4232-8ACF-0CC9632162A6}.Release|x86.Build.0 = Release|Any CPU
		{1C211192-38EC-417D-A4BA-7C9F3D78C9C3}.Debug|Any CPU.ActiveCfg = Debug|Any CPU
		{1C211192-38EC-417D-A4BA-7C9F3D78C9C3}.Debug|Any CPU.Build.0 = Debug|Any CPU
		{1C211192-38EC-417D-A4BA-7C9F3D78C9C3}.Debug|x64.ActiveCfg = Debug|Any CPU
		{1C211192-38EC-417D-A4BA-7C9F3D78C9C3}.Debug|x64.Build.0 = Debug|Any CPU
		{1C211192-38EC-417D-A4BA-7C9F3D78C9C3}.Debug|x86.ActiveCfg = Debug|Any CPU
		{1C211192-38EC-417D-A4BA-7C9F3D78C9C3}.Debug|x86.Build.0 = Debug|Any CPU
		{1C211192-38EC-417D-A4BA-7C9F3D78C9C3}.Release|Any CPU.ActiveCfg = Release|Any CPU
		{1C211192-38EC-417D-A4BA-7C9F3D78C9C3}.Release|Any CPU.Build.0 = Release|Any CPU
		{1C211192-38EC-417D-A4BA-7C9F3D78C9C3}.Release|x64.ActiveCfg = Release|Any CPU
		{1C211192-38EC-417D-A4BA-7C9F3D78C9C3}.Release|x64.Build.0 = Release|Any CPU
		{1C211192-38EC-417D-A4BA-7C9F3D78C9C3}.Release|x86.ActiveCfg = Release|Any CPU
		{1C211192-38EC-417D-A4BA-7C9F3D78C9C3}.Release|x86.Build.0 = Release|Any CPU
		{B1ADDD25-1002-4EAA-AACC-7003F7DDB91C}.Debug|Any CPU.ActiveCfg = Debug|Any CPU
		{B1ADDD25-1002-4EAA-AACC-7003F7DDB91C}.Debug|Any CPU.Build.0 = Debug|Any CPU
		{B1ADDD25-1002-4EAA-AACC-7003F7DDB91C}.Debug|x64.ActiveCfg = Debug|Any CPU
		{B1ADDD25-1002-4EAA-AACC-7003F7DDB91C}.Debug|x64.Build.0 = Debug|Any CPU
		{B1ADDD25-1002-4EAA-AACC-7003F7DDB91C}.Debug|x86.ActiveCfg = Debug|Any CPU
		{B1ADDD25-1002-4EAA-AACC-7003F7DDB91C}.Debug|x86.Build.0 = Debug|Any CPU
		{B1ADDD25-1002-4EAA-AACC-7003F7DDB91C}.Release|Any CPU.ActiveCfg = Release|Any CPU
		{B1ADDD25-1002-4EAA-AACC-7003F7DDB91C}.Release|Any CPU.Build.0 = Release|Any CPU
		{B1ADDD25-1002-4EAA-AACC-7003F7DDB91C}.Release|x64.ActiveCfg = Release|Any CPU
		{B1ADDD25-1002-4EAA-AACC-7003F7DDB91C}.Release|x64.Build.0 = Release|Any CPU
		{B1ADDD25-1002-4EAA-AACC-7003F7DDB91C}.Release|x86.ActiveCfg = Release|Any CPU
		{B1ADDD25-1002-4EAA-AACC-7003F7DDB91C}.Release|x86.Build.0 = Release|Any CPU
		{9454A0DE-EAAB-4F7C-8F15-5A5E0353978E}.Debug|Any CPU.ActiveCfg = Debug|Any CPU
		{9454A0DE-EAAB-4F7C-8F15-5A5E0353978E}.Debug|Any CPU.Build.0 = Debug|Any CPU
		{9454A0DE-EAAB-4F7C-8F15-5A5E0353978E}.Debug|x64.ActiveCfg = Debug|Any CPU
		{9454A0DE-EAAB-4F7C-8F15-5A5E0353978E}.Debug|x64.Build.0 = Debug|Any CPU
		{9454A0DE-EAAB-4F7C-8F15-5A5E0353978E}.Debug|x86.ActiveCfg = Debug|Any CPU
		{9454A0DE-EAAB-4F7C-8F15-5A5E0353978E}.Debug|x86.Build.0 = Debug|Any CPU
		{9454A0DE-EAAB-4F7C-8F15-5A5E0353978E}.Release|Any CPU.ActiveCfg = Release|Any CPU
		{9454A0DE-EAAB-4F7C-8F15-5A5E0353978E}.Release|Any CPU.Build.0 = Release|Any CPU
		{9454A0DE-EAAB-4F7C-8F15-5A5E0353978E}.Release|x64.ActiveCfg = Release|Any CPU
		{9454A0DE-EAAB-4F7C-8F15-5A5E0353978E}.Release|x64.Build.0 = Release|Any CPU
		{9454A0DE-EAAB-4F7C-8F15-5A5E0353978E}.Release|x86.ActiveCfg = Release|Any CPU
		{9454A0DE-EAAB-4F7C-8F15-5A5E0353978E}.Release|x86.Build.0 = Release|Any CPU
		{B6B4D5A1-6C21-4F58-A1F1-0C3E2ADD3D27}.Debug|Any CPU.ActiveCfg = Debug|Any CPU
		{B6B4D5A1-6C21-4F58-A1F1-0C3E2ADD3D27}.Debug|Any CPU.Build.0 = Debug|Any CPU
		{B6B4D5A1-6C21-4F58-A1F1-0C3E2ADD3D27}.Debug|x64.ActiveCfg = Debug|Any CPU
		{B6B4D5A1-6C21-4F58-A1F1-0C3E2ADD3D27}.Debug|x64.Build.0 = Debug|Any CPU
		{B6B4D5A1-6C21-4F58-A1F1-0C3E2ADD3D27}.Debug|x86.ActiveCfg = Debug|Any CPU
		{B6B4D5A1-6C21-4F58-A1F1-0C3E2ADD3D27}.Debug|x86.Build.0 = Debug|Any CPU
		{B6B4D5A1-6C21-4F58-A1F1-0C3E2ADD3D27}.Release|Any CPU.ActiveCfg = Release|Any CPU
		{B6B4D5A1-6C21-4F58-A1F1-0C3E2ADD3D27}.Release|Any CPU.Build.0 = Release|Any CPU
		{B6B4D5A1-6C21-4F58-A1F1-0C3E2ADD3D27}.Release|x64.ActiveCfg = Release|Any CPU
		{B6B4D5A1-6C21-4F58-A1F1-0C3E2ADD3D27}.Release|x64.Build.0 = Release|Any CPU
		{B6B4D5A1-6C21-4F58-A1F1-0C3E2ADD3D27}.Release|x86.ActiveCfg = Release|Any CPU
		{B6B4D5A1-6C21-4F58-A1F1-0C3E2ADD3D27}.Release|x86.Build.0 = Release|Any CPU
		{06774B79-A05D-45E8-BC0D-7333A812E117}.Debug|Any CPU.ActiveCfg = Debug|Any CPU
		{06774B79-A05D-45E8-BC0D-7333A812E117}.Debug|Any CPU.Build.0 = Debug|Any CPU
		{06774B79-A05D-45E8-BC0D-7333A812E117}.Debug|x64.ActiveCfg = Debug|Any CPU
		{06774B79-A05D-45E8-BC0D-7333A812E117}.Debug|x64.Build.0 = Debug|Any CPU
		{06774B79-A05D-45E8-BC0D-7333A812E117}.Debug|x86.ActiveCfg = Debug|Any CPU
		{06774B79-A05D-45E8-BC0D-7333A812E117}.Debug|x86.Build.0 = Debug|Any CPU
		{06774B79-A05D-45E8-BC0D-7333A812E117}.Release|Any CPU.ActiveCfg = Release|Any CPU
		{06774B79-A05D-45E8-BC0D-7333A812E117}.Release|Any CPU.Build.0 = Release|Any CPU
		{06774B79-A05D-45E8-BC0D-7333A812E117}.Release|x64.ActiveCfg = Release|Any CPU
		{06774B79-A05D-45E8-BC0D-7333A812E117}.Release|x64.Build.0 = Release|Any CPU
		{06774B79-A05D-45E8-BC0D-7333A812E117}.Release|x86.ActiveCfg = Release|Any CPU
		{06774B79-A05D-45E8-BC0D-7333A812E117}.Release|x86.Build.0 = Release|Any CPU
		{43456265-ECFA-49B2-91DD-E5002679BB5D}.Debug|Any CPU.ActiveCfg = Debug|Any CPU
		{43456265-ECFA-49B2-91DD-E5002679BB5D}.Debug|Any CPU.Build.0 = Debug|Any CPU
		{43456265-ECFA-49B2-91DD-E5002679BB5D}.Debug|x64.ActiveCfg = Debug|Any CPU
		{43456265-ECFA-49B2-91DD-E5002679BB5D}.Debug|x64.Build.0 = Debug|Any CPU
		{43456265-ECFA-49B2-91DD-E5002679BB5D}.Debug|x86.ActiveCfg = Debug|Any CPU
		{43456265-ECFA-49B2-91DD-E5002679BB5D}.Debug|x86.Build.0 = Debug|Any CPU
		{43456265-ECFA-49B2-91DD-E5002679BB5D}.Release|Any CPU.ActiveCfg = Release|Any CPU
		{43456265-ECFA-49B2-91DD-E5002679BB5D}.Release|Any CPU.Build.0 = Release|Any CPU
		{43456265-ECFA-49B2-91DD-E5002679BB5D}.Release|x64.ActiveCfg = Release|Any CPU
		{43456265-ECFA-49B2-91DD-E5002679BB5D}.Release|x64.Build.0 = Release|Any CPU
		{43456265-ECFA-49B2-91DD-E5002679BB5D}.Release|x86.ActiveCfg = Release|Any CPU
		{43456265-ECFA-49B2-91DD-E5002679BB5D}.Release|x86.Build.0 = Release|Any CPU
		{7E758F67-3EDC-472B-A14B-4205AE524486}.Debug|Any CPU.ActiveCfg = Debug|Any CPU
		{7E758F67-3EDC-472B-A14B-4205AE524486}.Debug|Any CPU.Build.0 = Debug|Any CPU
		{7E758F67-3EDC-472B-A14B-4205AE524486}.Debug|x64.ActiveCfg = Debug|Any CPU
		{7E758F67-3EDC-472B-A14B-4205AE524486}.Debug|x64.Build.0 = Debug|Any CPU
		{7E758F67-3EDC-472B-A14B-4205AE524486}.Debug|x86.ActiveCfg = Debug|Any CPU
		{7E758F67-3EDC-472B-A14B-4205AE524486}.Debug|x86.Build.0 = Debug|Any CPU
		{7E758F67-3EDC-472B-A14B-4205AE524486}.Release|Any CPU.ActiveCfg = Release|Any CPU
		{7E758F67-3EDC-472B-A14B-4205AE524486}.Release|Any CPU.Build.0 = Release|Any CPU
		{7E758F67-3EDC-472B-A14B-4205AE524486}.Release|x64.ActiveCfg = Release|Any CPU
		{7E758F67-3EDC-472B-A14B-4205AE524486}.Release|x64.Build.0 = Release|Any CPU
		{7E758F67-3EDC-472B-A14B-4205AE524486}.Release|x86.ActiveCfg = Release|Any CPU
		{7E758F67-3EDC-472B-A14B-4205AE524486}.Release|x86.Build.0 = Release|Any CPU
		{3013BBDF-D8CA-44F3-938C-4F2EBA3474F6}.Debug|Any CPU.ActiveCfg = Debug|Any CPU
		{3013BBDF-D8CA-44F3-938C-4F2EBA3474F6}.Debug|Any CPU.Build.0 = Debug|Any CPU
		{3013BBDF-D8CA-44F3-938C-4F2EBA3474F6}.Debug|x64.ActiveCfg = Debug|Any CPU
		{3013BBDF-D8CA-44F3-938C-4F2EBA3474F6}.Debug|x64.Build.0 = Debug|Any CPU
		{3013BBDF-D8CA-44F3-938C-4F2EBA3474F6}.Debug|x86.ActiveCfg = Debug|Any CPU
		{3013BBDF-D8CA-44F3-938C-4F2EBA3474F6}.Debug|x86.Build.0 = Debug|Any CPU
		{3013BBDF-D8CA-44F3-938C-4F2EBA3474F6}.Release|Any CPU.ActiveCfg = Release|Any CPU
		{3013BBDF-D8CA-44F3-938C-4F2EBA3474F6}.Release|Any CPU.Build.0 = Release|Any CPU
		{3013BBDF-D8CA-44F3-938C-4F2EBA3474F6}.Release|x64.ActiveCfg = Release|Any CPU
		{3013BBDF-D8CA-44F3-938C-4F2EBA3474F6}.Release|x64.Build.0 = Release|Any CPU
		{3013BBDF-D8CA-44F3-938C-4F2EBA3474F6}.Release|x86.ActiveCfg = Release|Any CPU
		{3013BBDF-D8CA-44F3-938C-4F2EBA3474F6}.Release|x86.Build.0 = Release|Any CPU
		{A4A9248A-38C3-4694-BDCC-B7A130272EFA}.Debug|Any CPU.ActiveCfg = Debug|Any CPU
		{A4A9248A-38C3-4694-BDCC-B7A130272EFA}.Debug|Any CPU.Build.0 = Debug|Any CPU
		{A4A9248A-38C3-4694-BDCC-B7A130272EFA}.Debug|x64.ActiveCfg = Debug|Any CPU
		{A4A9248A-38C3-4694-BDCC-B7A130272EFA}.Debug|x64.Build.0 = Debug|Any CPU
		{A4A9248A-38C3-4694-BDCC-B7A130272EFA}.Debug|x86.ActiveCfg = Debug|Any CPU
		{A4A9248A-38C3-4694-BDCC-B7A130272EFA}.Debug|x86.Build.0 = Debug|Any CPU
		{A4A9248A-38C3-4694-BDCC-B7A130272EFA}.Release|Any CPU.ActiveCfg = Release|Any CPU
		{A4A9248A-38C3-4694-BDCC-B7A130272EFA}.Release|Any CPU.Build.0 = Release|Any CPU
		{A4A9248A-38C3-4694-BDCC-B7A130272EFA}.Release|x64.ActiveCfg = Release|Any CPU
		{A4A9248A-38C3-4694-BDCC-B7A130272EFA}.Release|x64.Build.0 = Release|Any CPU
		{A4A9248A-38C3-4694-BDCC-B7A130272EFA}.Release|x86.ActiveCfg = Release|Any CPU
		{A4A9248A-38C3-4694-BDCC-B7A130272EFA}.Release|x86.Build.0 = Release|Any CPU
		{D1DF1FFF-B4BC-48CA-8EA7-F94E8EAD201B}.Debug|Any CPU.ActiveCfg = Debug|Any CPU
		{D1DF1FFF-B4BC-48CA-8EA7-F94E8EAD201B}.Debug|Any CPU.Build.0 = Debug|Any CPU
		{D1DF1FFF-B4BC-48CA-8EA7-F94E8EAD201B}.Debug|x64.ActiveCfg = Debug|Any CPU
		{D1DF1FFF-B4BC-48CA-8EA7-F94E8EAD201B}.Debug|x64.Build.0 = Debug|Any CPU
		{D1DF1FFF-B4BC-48CA-8EA7-F94E8EAD201B}.Debug|x86.ActiveCfg = Debug|Any CPU
		{D1DF1FFF-B4BC-48CA-8EA7-F94E8EAD201B}.Debug|x86.Build.0 = Debug|Any CPU
		{D1DF1FFF-B4BC-48CA-8EA7-F94E8EAD201B}.Release|Any CPU.ActiveCfg = Release|Any CPU
		{D1DF1FFF-B4BC-48CA-8EA7-F94E8EAD201B}.Release|Any CPU.Build.0 = Release|Any CPU
		{D1DF1FFF-B4BC-48CA-8EA7-F94E8EAD201B}.Release|x64.ActiveCfg = Release|Any CPU
		{D1DF1FFF-B4BC-48CA-8EA7-F94E8EAD201B}.Release|x64.Build.0 = Release|Any CPU
		{D1DF1FFF-B4BC-48CA-8EA7-F94E8EAD201B}.Release|x86.ActiveCfg = Release|Any CPU
		{D1DF1FFF-B4BC-48CA-8EA7-F94E8EAD201B}.Release|x86.Build.0 = Release|Any CPU
		{39589AFB-F3D3-4A2B-8B28-635122BACAD3}.Debug|Any CPU.ActiveCfg = Debug|Any CPU
		{39589AFB-F3D3-4A2B-8B28-635122BACAD3}.Debug|Any CPU.Build.0 = Debug|Any CPU
		{39589AFB-F3D3-4A2B-8B28-635122BACAD3}.Debug|x64.ActiveCfg = Debug|Any CPU
		{39589AFB-F3D3-4A2B-8B28-635122BACAD3}.Debug|x64.Build.0 = Debug|Any CPU
		{39589AFB-F3D3-4A2B-8B28-635122BACAD3}.Debug|x86.ActiveCfg = Debug|Any CPU
		{39589AFB-F3D3-4A2B-8B28-635122BACAD3}.Debug|x86.Build.0 = Debug|Any CPU
		{39589AFB-F3D3-4A2B-8B28-635122BACAD3}.Release|Any CPU.ActiveCfg = Release|Any CPU
		{39589AFB-F3D3-4A2B-8B28-635122BACAD3}.Release|Any CPU.Build.0 = Release|Any CPU
		{39589AFB-F3D3-4A2B-8B28-635122BACAD3}.Release|x64.ActiveCfg = Release|Any CPU
		{39589AFB-F3D3-4A2B-8B28-635122BACAD3}.Release|x64.Build.0 = Release|Any CPU
		{39589AFB-F3D3-4A2B-8B28-635122BACAD3}.Release|x86.ActiveCfg = Release|Any CPU
		{39589AFB-F3D3-4A2B-8B28-635122BACAD3}.Release|x86.Build.0 = Release|Any CPU
		{09F6A5C3-D442-4190-AE05-F4CDF1FA3097}.Debug|Any CPU.ActiveCfg = Debug|Any CPU
		{09F6A5C3-D442-4190-AE05-F4CDF1FA3097}.Debug|Any CPU.Build.0 = Debug|Any CPU
		{09F6A5C3-D442-4190-AE05-F4CDF1FA3097}.Debug|x64.ActiveCfg = Debug|Any CPU
		{09F6A5C3-D442-4190-AE05-F4CDF1FA3097}.Debug|x64.Build.0 = Debug|Any CPU
		{09F6A5C3-D442-4190-AE05-F4CDF1FA3097}.Debug|x86.ActiveCfg = Debug|Any CPU
		{09F6A5C3-D442-4190-AE05-F4CDF1FA3097}.Debug|x86.Build.0 = Debug|Any CPU
		{09F6A5C3-D442-4190-AE05-F4CDF1FA3097}.Release|Any CPU.ActiveCfg = Release|Any CPU
		{09F6A5C3-D442-4190-AE05-F4CDF1FA3097}.Release|Any CPU.Build.0 = Release|Any CPU
		{09F6A5C3-D442-4190-AE05-F4CDF1FA3097}.Release|x64.ActiveCfg = Release|Any CPU
		{09F6A5C3-D442-4190-AE05-F4CDF1FA3097}.Release|x64.Build.0 = Release|Any CPU
		{09F6A5C3-D442-4190-AE05-F4CDF1FA3097}.Release|x86.ActiveCfg = Release|Any CPU
		{09F6A5C3-D442-4190-AE05-F4CDF1FA3097}.Release|x86.Build.0 = Release|Any CPU
	EndGlobalSection
	GlobalSection(SolutionProperties) = preSolution
		HideSolutionNode = FALSE
	EndGlobalSection
	GlobalSection(ExtensibilityGlobals) = postSolution
		SolutionGuid = {32D77EB7-D68F-444C-AF48-AE9F3586462F}
	EndGlobalSection
EndGlobal
