
Microsoft Visual Studio Solution File, Format Version 12.00
# Visual Studio 15
VisualStudioVersion = 15.0.28010.2003
MinimumVisualStudioVersion = 10.0.40219.1
Project("{FAE04EC0-301F-11D3-BF4B-00C04F79EFBC}") = "Training2", "Training2\Training2.csproj", "{1B2EAEEA-4035-4EEC-9B82-4518CAB5C511}"
EndProject
Project("{FAE04EC0-301F-11D3-BF4B-00C04F79EFBC}") = "Trie", "Trie\Trie.csproj", "{132DF992-3DCD-4B9C-9111-E28A9F463286}"
EndProject
Project("{FAE04EC0-301F-11D3-BF4B-00C04F79EFBC}") = "Trie2", "Trie2\Trie2.csproj", "{CC791FD0-F004-4F6D-AD83-F926A0071974}"
EndProject
Global
	GlobalSection(SolutionConfigurationPlatforms) = preSolution
		Debug|Any CPU = Debug|Any CPU
		Release|Any CPU = Release|Any CPU
	EndGlobalSection
	GlobalSection(ProjectConfigurationPlatforms) = postSolution
		{1B2EAEEA-4035-4EEC-9B82-4518CAB5C511}.Debug|Any CPU.ActiveCfg = Debug|Any CPU
		{1B2EAEEA-4035-4EEC-9B82-4518CAB5C511}.Debug|Any CPU.Build.0 = Debug|Any CPU
		{1B2EAEEA-4035-4EEC-9B82-4518CAB5C511}.Release|Any CPU.ActiveCfg = Release|Any CPU
		{1B2EAEEA-4035-4EEC-9B82-4518CAB5C511}.Release|Any CPU.Build.0 = Release|Any CPU
		{132DF992-3DCD-4B9C-9111-E28A9F463286}.Debug|Any CPU.ActiveCfg = Debug|Any CPU
		{132DF992-3DCD-4B9C-9111-E28A9F463286}.Debug|Any CPU.Build.0 = Debug|Any CPU
		{132DF992-3DCD-4B9C-9111-E28A9F463286}.Release|Any CPU.ActiveCfg = Release|Any CPU
		{132DF992-3DCD-4B9C-9111-E28A9F463286}.Release|Any CPU.Build.0 = Release|Any CPU
		{CC791FD0-F004-4F6D-AD83-F926A0071974}.Debug|Any CPU.ActiveCfg = Debug|Any CPU
		{CC791FD0-F004-4F6D-AD83-F926A0071974}.Debug|Any CPU.Build.0 = Debug|Any CPU
		{CC791FD0-F004-4F6D-AD83-F926A0071974}.Release|Any CPU.ActiveCfg = Release|Any CPU
		{CC791FD0-F004-4F6D-AD83-F926A0071974}.Release|Any CPU.Build.0 = Release|Any CPU
	EndGlobalSection
	GlobalSection(SolutionProperties) = preSolution
		HideSolutionNode = FALSE
	EndGlobalSection
	GlobalSection(ExtensibilityGlobals) = postSolution
		SolutionGuid = {D012866D-CFA2-4748-912D-BC499C8CFDE2}
	EndGlobalSection
EndGlobal
